
Microsoft Visual Studio Solution File, Format Version 12.00
# Visual Studio Version 17
VisualStudioVersion = 17.11.35431.28
MinimumVisualStudioVersion = 10.0.40219.1
Project("{FAE04EC0-301F-11D3-BF4B-00C04F79EFBC}") = "WakeOnLAN", "WakeOnLAN\WakeOnLAN.csproj", "{D4FD4D1B-FC10-443F-9B63-81658AAA4D96}"
EndProject
Global
	GlobalSection(SolutionConfigurationPlatforms) = preSolution
		Debug|Any CPU = Debug|Any CPU
		Release|Any CPU = Release|Any CPU
	EndGlobalSection
	GlobalSection(ProjectConfigurationPlatforms) = postSolution
		{D4FD4D1B-FC10-443F-9B63-81658AAA4D96}.Debug|Any CPU.ActiveCfg = Debug|Any CPU
		{D4FD4D1B-FC10-443F-9B63-81658AAA4D96}.Debug|Any CPU.Build.0 = Debug|Any CPU
		{D4FD4D1B-FC10-443F-9B63-81658AAA4D96}.Debug|Any CPU.Deploy.0 = Debug|Any CPU
		{D4FD4D1B-FC10-443F-9B63-81658AAA4D96}.Release|Any CPU.ActiveCfg = Release|Any CPU
		{D4FD4D1B-FC10-443F-9B63-81658AAA4D96}.Release|Any CPU.Build.0 = Release|Any CPU
		{D4FD4D1B-FC10-443F-9B63-81658AAA4D96}.Release|Any CPU.Deploy.0 = Release|Any CPU
	EndGlobalSection
	GlobalSection(SolutionProperties) = preSolution
		HideSolutionNode = FALSE
	EndGlobalSection
	GlobalSection(ExtensibilityGlobals) = postSolution
		SolutionGuid = {F64873D1-3D7A-4FC8-BE81-E00E81BB3F07}
	EndGlobalSection
EndGlobal
